GEM
  remote: https://rubygems.org/
  specs:
    bigdecimal (4.1.2)
    concurrent-ruby (1.3.8)
    et-orbi (1.4.2)
      tzinfo
    faker (3.8.0)
      i18n (>= 1.8.11, < 2)
    fugit (1.14.0)
      et-orbi (~> 1.4)
      raabro (~> 1.4)
    i18n (1.15.2)
      concurrent-ruby (~> 1.0)
    minitest (5.27.0)
    nio4r (2.7.5)
    pg (1.6.3)
    pg (1.6.3-arm64-darwin)
    puma (6.6.1)
      nio4r (~> 2.0)
    raabro (1.5.0)
    rack (3.2.7)
    rack-test (2.2.0)
      rack (>= 1.3)
    rackup (2.3.1)
      rack (>= 3)
    rexml (3.4.4)
    rufus-scheduler (3.9.2)
      fugit (~> 1.1, >= 1.11.1)
    sequel (5.108.0)
      bigdecimal
    tzinfo (2.0.6)
      concurrent-ruby (~> 1.0)

PLATFORMS
  arm64-darwin-23
  ruby

DEPENDENCIES
  faker (~> 3.4)
  minitest (~> 5.22)
  pg (~> 1.5)
  puma (~> 6.4)
  rack (~> 3.1)
  rack-test (~> 2.1)
  rackup (~> 2.2)
  rexml (~> 3.3)
  rufus-scheduler (~> 3.9)
  sequel (~> 5.80)

CHECKSUMS
  bigdecimal (4.1.2) sha256=53d217666027eab4280346fba98e7d5b66baaae1b9c3c1c0ffe89d48188a3fbd
  bundler (4.0.11) sha256=5bcec0fb78302e48d02ee46f10ee6e6942be647ba5b44a6d1ddfda9a240ce785
  concurrent-ruby (1.3.8) sha256=b2f1be836e968ccc78ccfce277ea79c72a88633f22306782c16ff23fb415d1e1
  et-orbi (1.4.2) sha256=bb555dae668419cb24caa2a293a170e58be6d4df1e017c51f5030bdc133cd20c
  faker (3.8.0) sha256=c147b308df73a90f27a4fc84f18d4c22ef0ad9c2a64b2b61c86fd0ca71753efc
  fugit (1.14.0) sha256=e311a9cc85a54bb67649df45060e721282a1e2c8ebad40e41874a3a7d576f37e
  i18n (1.15.2) sha256=00f9eb62412fe593b2a65a97daa75300d37abb8f7202ec748e94b6d46a9dd1b5
  minitest (5.27.0) sha256=2d3b17f8a36fe7801c1adcffdbc38233b938eb0b4966e97a6739055a45fa77d5
  nio4r (2.7.5) sha256=6c90168e48fb5f8e768419c93abb94ba2b892a1d0602cb06eef16d8b7df1dca1
  pg (1.6.3) sha256=1388d0563e13d2758c1089e35e973a3249e955c659592d10e5b77c468f628a99
  pg (1.6.3-arm64-darwin) sha256=7240330b572e6355d7c75a7de535edb5dfcbd6295d9c7777df4d9dddfb8c0e5f
  puma (6.6.1) sha256=b9b56e4a4ea75d1bfa6d9e1972ee2c9f43d0883f011826d914e8e37b3694ea1e
  raabro (1.5.0) sha256=3f998a7bc84f9c84df3ab580634d2e0a5bda4f0841168d56035f529c9877440a
  rack (3.2.7) sha256=93e13e1c24f93556671d85d2d79fa228c3485815c50d7e2f265b5330c6528fb7
  rack-test (2.2.0) sha256=005a36692c306ac0b4a9350355ee080fd09ddef1148a5f8b2ac636c720f5c463
  rackup (2.3.1) sha256=6c79c26753778e90983761d677a48937ee3192b3ffef6bc963c0950f94688868
  rexml (3.4.4) sha256=19e0a2c3425dfbf2d4fc1189747bdb2f849b6c5e74180401b15734bc97b5d142
  rufus-scheduler (3.9.2) sha256=55fa9e4db0ff69d7f38c804f17baba0c9bce5cba39984ae3c5cf6c039d1323b9
  sequel (5.108.0) sha256=ae5996d1196775427916a2fa36e02f99762ead9affb8ea9b1aec2c0b16bdb3a3
  tzinfo (2.0.6) sha256=8daf828cc77bcf7d63b0e3bdb6caa47e2272dcfaf4fbfe46f8c3a9df087a829b

RUBY VERSION
  ruby 3.3.11

BUNDLED WITH
  4.0.11
